
Microsoft Visual Studio Solution File, Format Version 12.00
# Visual Studio 15
VisualStudioVersion = 15.0.28307.572
MinimumVisualStudioVersion = 10.0.40219.1
Project("{FAE04EC0-301F-11D3-BF4B-00C04F79EFBC}") = "Beep", "Beep\Beep.csproj", "{2DC5D135-5E0B-4ECB-845E-9AAD2FC47735}"
EndProject
Project("{FAE04EC0-301F-11D3-BF4B-00C04F79EFBC}") = "CoreEscuela", "CoreEscuela\CoreEscuela.csproj", "{6DAC23D9-7040-44DE-81E3-202327CB23AF}"
EndProject
Global
	GlobalSection(SolutionConfigurationPlatforms) = preSolution
		Debug|Any CPU = Debug|Any CPU
		Release|Any CPU = Release|Any CPU
	EndGlobalSection
	GlobalSection(ProjectConfigurationPlatforms) = postSolution
		{2DC5D135-5E0B-4ECB-845E-9AAD2FC47735}.Debug|Any CPU.ActiveCfg = Debug|Any CPU
		{2DC5D135-5E0B-4ECB-845E-9AAD2FC47735}.Debug|Any CPU.Build.0 = Debug|Any CPU
		{2DC5D135-5E0B-4ECB-845E-9AAD2FC47735}.Release|Any CPU.ActiveCfg = Release|Any CPU
		{2DC5D135-5E0B-4ECB-845E-9AAD2FC47735}.Release|Any CPU.Build.0 = Release|Any CPU
		{6DAC23D9-7040-44DE-81E3-202327CB23AF}.Debug|Any CPU.ActiveCfg = Debug|Any CPU
		{6DAC23D9-7040-44DE-81E3-202327CB23AF}.Debug|Any CPU.Build.0 = Debug|Any CPU
		{6DAC23D9-7040-44DE-81E3-202327CB23AF}.Release|Any CPU.ActiveCfg = Release|Any CPU
		{6DAC23D9-7040-44DE-81E3-202327CB23AF}.Release|Any CPU.Build.0 = Release|Any CPU
	EndGlobalSection
	GlobalSection(SolutionProperties) = preSolution
		HideSolutionNode = FALSE
	EndGlobalSection
	GlobalSection(ExtensibilityGlobals) = postSolution
		SolutionGuid = {D68ABE28-FCD4-4777-9E0B-562C2CF820D7}
	EndGlobalSection
EndGlobal
